
Microsoft Visual Studio Solution File, Format Version 12.00
# Visual Studio Version 16
VisualStudioVersion = 16.0.29318.209
MinimumVisualStudioVersion = 10.0.40219.1
Project("{9A19103F-16F7-4668-BE54-9A1E7A4F7556}") = "SimpliPassApi", "SimpliPassApi\SimpliPassApi.csproj", "{8E6778F1-CD3E-4261-8C67-1A647FEAF19F}"
EndProject
Project("{FAE04EC0-301F-11D3-BF4B-00C04F79EFBC}") = "SimpliPassApiTests", "SimpliPassApiTests\SimpliPassApiTests.csproj", "{43584388-8977-4924-B88E-AEA975527939}"
EndProject
Global
	GlobalSection(SolutionConfigurationPlatforms) = preSolution
		Debug|Any CPU = Debug|Any CPU
		Release|Any CPU = Release|Any CPU
	EndGlobalSection
	GlobalSection(ProjectConfigurationPlatforms) = postSolution
		{8E6778F1-CD3E-4261-8C67-1A647FEAF19F}.Debug|Any CPU.ActiveCfg = Debug|Any CPU
		{8E6778F1-CD3E-4261-8C67-1A647FEAF19F}.Debug|Any CPU.Build.0 = Debug|Any CPU
		{8E6778F1-CD3E-4261-8C67-1A647FEAF19F}.Release|Any CPU.ActiveCfg = Release|Any CPU
		{8E6778F1-CD3E-4261-8C67-1A647FEAF19F}.Release|Any CPU.Build.0 = Release|Any CPU
		{43584388-8977-4924-B88E-AEA975527939}.Debug|Any CPU.ActiveCfg = Debug|Any CPU
		{43584388-8977-4924-B88E-AEA975527939}.Debug|Any CPU.Build.0 = Debug|Any CPU
		{43584388-8977-4924-B88E-AEA975527939}.Release|Any CPU.ActiveCfg = Release|Any CPU
		{43584388-8977-4924-B88E-AEA975527939}.Release|Any CPU.Build.0 = Release|Any CPU
	EndGlobalSection
	GlobalSection(SolutionProperties) = preSolution
		HideSolutionNode = FALSE
	EndGlobalSection
	GlobalSection(ExtensibilityGlobals) = postSolution
		SolutionGuid = {B8D1B47A-F251-42C6-9371-C73E50DD0583}
	EndGlobalSection
EndGlobal
