
Microsoft Visual Studio Solution File, Format Version 12.00
# Visual Studio Version 16
VisualStudioVersion = 16.0.29728.190
MinimumVisualStudioVersion = 10.0.40219.1
Project("{FAE04EC0-301F-11D3-BF4B-00C04F79EFBC}") = "SimpliPassMobile.Android", "SimpliPassMobile.Android\SimpliPassMobile.Android.csproj", "{1AACB9FA-FDC4-4473-94DD-D3D549C0EB25}"
EndProject
Project("{FAE04EC0-301F-11D3-BF4B-00C04F79EFBC}") = "SimpliPassMobile.iOS", "SimpliPassMobile.iOS\SimpliPassMobile.iOS.csproj", "{4CCF63F9-F3A7-4240-916B-9D02458A56BF}"
EndProject
Project("{9A19103F-16F7-4668-BE54-9A1E7A4F7556}") = "SimpliPassMobile", "SimpliPassMobile\SimpliPassMobile.csproj", "{5C32D8DD-C0C3-47E2-9A9E-23718F37074E}"
EndProject
Project("{2150E333-8FDC-42A3-9474-1A3956D46DE8}") = "Tests", "Tests", "{C44B78B0-7AE5-42E8-A72F-AD09B5CE14FF}"
EndProject
Project("{FAE04EC0-301F-11D3-BF4B-00C04F79EFBC}") = "SimpliPassMobile.UITests", "SimpliPass.UITests\SimpliPassMobile.UITests.csproj", "{10126F57-D017-48DE-97DD-6D6F0EAE4C79}"
EndProject
Project("{FAE04EC0-301F-11D3-BF4B-00C04F79EFBC}") = "SimpliPassMobile.UnitTests", "SimpliPassMobile.UnitTests\SimpliPassMobile.UnitTests.csproj", "{CBBE669D-D949-4496-92EA-82B7ADD21645}"
EndProject
Project("{FAE04EC0-301F-11D3-BF4B-00C04F79EFBC}") = "SimpliPassMobile.TestDoubles", "SimpliPassMobile.TestDoubles\SimpliPassMobile.TestDoubles.csproj", "{699905F6-81A5-4774-B5F1-9EACD8156944}"
EndProject
Project("{FAE04EC0-301F-11D3-BF4B-00C04F79EFBC}") = "SimpliPassMobile.IntegrationTests", "SimpliPassMobile.IntegrationTests\SimpliPassMobile.IntegrationTests.csproj", "{8E34A514-D9C4-498B-9BB9-56172ADAB9D7}"
EndProject
Global
	GlobalSection(SolutionConfigurationPlatforms) = preSolution
		Debug|Any CPU = Debug|Any CPU
		Debug|iPhone = Debug|iPhone
		Debug|iPhoneSimulator = Debug|iPhoneSimulator
		Release|Any CPU = Release|Any CPU
		Release|iPhone = Release|iPhone
		Release|iPhoneSimulator = Release|iPhoneSimulator
	EndGlobalSection
	GlobalSection(ProjectConfigurationPlatforms) = postSolution
		{1AACB9FA-FDC4-4473-94DD-D3D549C0EB25}.Debug|Any CPU.ActiveCfg = Debug|Any CPU
		{1AACB9FA-FDC4-4473-94DD-D3D549C0EB25}.Debug|Any CPU.Build.0 = Debug|Any CPU
		{1AACB9FA-FDC4-4473-94DD-D3D549C0EB25}.Debug|Any CPU.Deploy.0 = Debug|Any CPU
		{1AACB9FA-FDC4-4473-94DD-D3D549C0EB25}.Debug|iPhone.ActiveCfg = Debug|Any CPU
		{1AACB9FA-FDC4-4473-94DD-D3D549C0EB25}.Debug|iPhone.Build.0 = Debug|Any CPU
		{1AACB9FA-FDC4-4473-94DD-D3D549C0EB25}.Debug|iPhone.Deploy.0 = Debug|Any CPU
		{1AACB9FA-FDC4-4473-94DD-D3D549C0EB25}.Debug|iPhoneSimulator.ActiveCfg = Debug|Any CPU
		{1AACB9FA-FDC4-4473-94DD-D3D549C0EB25}.Debug|iPhoneSimulator.Build.0 = Debug|Any CPU
		{1AACB9FA-FDC4-4473-94DD-D3D549C0EB25}.Debug|iPhoneSimulator.Deploy.0 = Debug|Any CPU
		{1AACB9FA-FDC4-4473-94DD-D3D549C0EB25}.Release|Any CPU.ActiveCfg = Release|Any CPU
		{1AACB9FA-FDC4-4473-94DD-D3D549C0EB25}.Release|Any CPU.Build.0 = Release|Any CPU
		{1AACB9FA-FDC4-4473-94DD-D3D549C0EB25}.Release|Any CPU.Deploy.0 = Release|Any CPU
		{1AACB9FA-FDC4-4473-94DD-D3D549C0EB25}.Release|iPhone.ActiveCfg = Release|Any CPU
		{1AACB9FA-FDC4-4473-94DD-D3D549C0EB25}.Release|iPhone.Build.0 = Release|Any CPU
		{1AACB9FA-FDC4-4473-94DD-D3D549C0EB25}.Release|iPhone.Deploy.0 = Release|Any CPU
		{1AACB9FA-FDC4-4473-94DD-D3D549C0EB25}.Release|iPhoneSimulator.ActiveCfg = Release|Any CPU
		{1AACB9FA-FDC4-4473-94DD-D3D549C0EB25}.Release|iPhoneSimulator.Build.0 = Release|Any CPU
		{1AACB9FA-FDC4-4473-94DD-D3D549C0EB25}.Release|iPhoneSimulator.Deploy.0 = Release|Any CPU
		{4CCF63F9-F3A7-4240-916B-9D02458A56BF}.Debug|Any CPU.ActiveCfg = Debug|iPhoneSimulator
		{4CCF63F9-F3A7-4240-916B-9D02458A56BF}.Debug|Any CPU.Build.0 = Debug|iPhoneSimulator
		{4CCF63F9-F3A7-4240-916B-9D02458A56BF}.Debug|Any CPU.Deploy.0 = Debug|iPhoneSimulator
		{4CCF63F9-F3A7-4240-916B-9D02458A56BF}.Debug|iPhone.ActiveCfg = Debug|iPhone
		{4CCF63F9-F3A7-4240-916B-9D02458A56BF}.Debug|iPhone.Build.0 = Debug|iPhone
		{4CCF63F9-F3A7-4240-916B-9D02458A56BF}.Debug|iPhone.Deploy.0 = Debug|iPhone
		{4CCF63F9-F3A7-4240-916B-9D02458A56BF}.Debug|iPhoneSimulator.ActiveCfg = Debug|iPhoneSimulator
		{4CCF63F9-F3A7-4240-916B-9D02458A56BF}.Debug|iPhoneSimulator.Build.0 = Debug|iPhoneSimulator
		{4CCF63F9-F3A7-4240-916B-9D02458A56BF}.Debug|iPhoneSimulator.Deploy.0 = Debug|iPhoneSimulator
		{4CCF63F9-F3A7-4240-916B-9D02458A56BF}.Release|Any CPU.ActiveCfg = Release|iPhone
		{4CCF63F9-F3A7-4240-916B-9D02458A56BF}.Release|Any CPU.Build.0 = Release|iPhone
		{4CCF63F9-F3A7-4240-916B-9D02458A56BF}.Release|Any CPU.Deploy.0 = Release|iPhone
		{4CCF63F9-F3A7-4240-916B-9D02458A56BF}.Release|iPhone.ActiveCfg = Release|iPhone
		{4CCF63F9-F3A7-4240-916B-9D02458A56BF}.Release|iPhone.Build.0 = Release|iPhone
		{4CCF63F9-F3A7-4240-916B-9D02458A56BF}.Release|iPhone.Deploy.0 = Release|iPhone
		{4CCF63F9-F3A7-4240-916B-9D02458A56BF}.Release|iPhoneSimulator.ActiveCfg = Release|iPhoneSimulator
		{4CCF63F9-F3A7-4240-916B-9D02458A56BF}.Release|iPhoneSimulator.Build.0 = Release|iPhoneSimulator
		{4CCF63F9-F3A7-4240-916B-9D02458A56BF}.Release|iPhoneSimulator.Deploy.0 = Release|iPhoneSimulator
		{5C32D8DD-C0C3-47E2-9A9E-23718F37074E}.Debug|Any CPU.ActiveCfg = Debug|Any CPU
		{5C32D8DD-C0C3-47E2-9A9E-23718F37074E}.Debug|Any CPU.Build.0 = Debug|Any CPU
		{5C32D8DD-C0C3-47E2-9A9E-23718F37074E}.Debug|Any CPU.Deploy.0 = Debug|Any CPU
		{5C32D8DD-C0C3-47E2-9A9E-23718F37074E}.Debug|iPhone.ActiveCfg = Debug|Any CPU
		{5C32D8DD-C0C3-47E2-9A9E-23718F37074E}.Debug|iPhone.Build.0 = Debug|Any CPU
		{5C32D8DD-C0C3-47E2-9A9E-23718F37074E}.Debug|iPhone.Deploy.0 = Debug|Any CPU
		{5C32D8DD-C0C3-47E2-9A9E-23718F37074E}.Debug|iPhoneSimulator.ActiveCfg = Debug|Any CPU
		{5C32D8DD-C0C3-47E2-9A9E-23718F37074E}.Debug|iPhoneSimulator.Build.0 = Debug|Any CPU
		{5C32D8DD-C0C3-47E2-9A9E-23718F37074E}.Debug|iPhoneSimulator.Deploy.0 = Debug|Any CPU
		{5C32D8DD-C0C3-47E2-9A9E-23718F37074E}.Release|Any CPU.ActiveCfg = Release|Any CPU
		{5C32D8DD-C0C3-47E2-9A9E-23718F37074E}.Release|Any CPU.Build.0 = Release|Any CPU
		{5C32D8DD-C0C3-47E2-9A9E-23718F37074E}.Release|Any CPU.Deploy.0 = Release|Any CPU
		{5C32D8DD-C0C3-47E2-9A9E-23718F37074E}.Release|iPhone.ActiveCfg = Release|Any CPU
		{5C32D8DD-C0C3-47E2-9A9E-23718F37074E}.Release|iPhone.Build.0 = Release|Any CPU
		{5C32D8DD-C0C3-47E2-9A9E-23718F37074E}.Release|iPhone.Deploy.0 = Release|Any CPU
		{5C32D8DD-C0C3-47E2-9A9E-23718F37074E}.Release|iPhoneSimulator.ActiveCfg = Release|Any CPU
		{5C32D8DD-C0C3-47E2-9A9E-23718F37074E}.Release|iPhoneSimulator.Build.0 = Release|Any CPU
		{5C32D8DD-C0C3-47E2-9A9E-23718F37074E}.Release|iPhoneSimulator.Deploy.0 = Release|Any CPU
		{10126F57-D017-48DE-97DD-6D6F0EAE4C79}.Debug|Any CPU.ActiveCfg = Debug|Any CPU
		{10126F57-D017-48DE-97DD-6D6F0EAE4C79}.Debug|Any CPU.Build.0 = Debug|Any CPU
		{10126F57-D017-48DE-97DD-6D6F0EAE4C79}.Debug|iPhone.ActiveCfg = Debug|Any CPU
		{10126F57-D017-48DE-97DD-6D6F0EAE4C79}.Debug|iPhone.Build.0 = Debug|Any CPU
		{10126F57-D017-48DE-97DD-6D6F0EAE4C79}.Debug|iPhoneSimulator.ActiveCfg = Debug|Any CPU
		{10126F57-D017-48DE-97DD-6D6F0EAE4C79}.Debug|iPhoneSimulator.Build.0 = Debug|Any CPU
		{10126F57-D017-48DE-97DD-6D6F0EAE4C79}.Release|Any CPU.ActiveCfg = Release|Any CPU
		{10126F57-D017-48DE-97DD-6D6F0EAE4C79}.Release|Any CPU.Build.0 = Release|Any CPU
		{10126F57-D017-48DE-97DD-6D6F0EAE4C79}.Release|iPhone.ActiveCfg = Release|Any CPU
		{10126F57-D017-48DE-97DD-6D6F0EAE4C79}.Release|iPhone.Build.0 = Release|Any CPU
		{10126F57-D017-48DE-97DD-6D6F0EAE4C79}.Release|iPhoneSimulator.ActiveCfg = Release|Any CPU
		{10126F57-D017-48DE-97DD-6D6F0EAE4C79}.Release|iPhoneSimulator.Build.0 = Release|Any CPU
		{CBBE669D-D949-4496-92EA-82B7ADD21645}.Debug|Any CPU.ActiveCfg = Debug|Any CPU
		{CBBE669D-D949-4496-92EA-82B7ADD21645}.Debug|Any CPU.Build.0 = Debug|Any CPU
		{CBBE669D-D949-4496-92EA-82B7ADD21645}.Debug|iPhone.ActiveCfg = Debug|Any CPU
		{CBBE669D-D949-4496-92EA-82B7ADD21645}.Debug|iPhone.Build.0 = Debug|Any CPU
		{CBBE669D-D949-4496-92EA-82B7ADD21645}.Debug|iPhoneSimulator.ActiveCfg = Debug|Any CPU
		{CBBE669D-D949-4496-92EA-82B7ADD21645}.Debug|iPhoneSimulator.Build.0 = Debug|Any CPU
		{CBBE669D-D949-4496-92EA-82B7ADD21645}.Release|Any CPU.ActiveCfg = Release|Any CPU
		{CBBE669D-D949-4496-92EA-82B7ADD21645}.Release|Any CPU.Build.0 = Release|Any CPU
		{CBBE669D-D949-4496-92EA-82B7ADD21645}.Release|iPhone.ActiveCfg = Release|Any CPU
		{CBBE669D-D949-4496-92EA-82B7ADD21645}.Release|iPhone.Build.0 = Release|Any CPU
		{CBBE669D-D949-4496-92EA-82B7ADD21645}.Release|iPhoneSimulator.ActiveCfg = Release|Any CPU
		{CBBE669D-D949-4496-92EA-82B7ADD21645}.Release|iPhoneSimulator.Build.0 = Release|Any CPU
		{699905F6-81A5-4774-B5F1-9EACD8156944}.Debug|Any CPU.ActiveCfg = Debug|Any CPU
		{699905F6-81A5-4774-B5F1-9EACD8156944}.Debug|Any CPU.Build.0 = Debug|Any CPU
		{699905F6-81A5-4774-B5F1-9EACD8156944}.Debug|iPhone.ActiveCfg = Debug|Any CPU
		{699905F6-81A5-4774-B5F1-9EACD8156944}.Debug|iPhone.Build.0 = Debug|Any CPU
		{699905F6-81A5-4774-B5F1-9EACD8156944}.Debug|iPhoneSimulator.ActiveCfg = Debug|Any CPU
		{699905F6-81A5-4774-B5F1-9EACD8156944}.Debug|iPhoneSimulator.Build.0 = Debug|Any CPU
		{699905F6-81A5-4774-B5F1-9EACD8156944}.Release|Any CPU.ActiveCfg = Release|Any CPU
		{699905F6-81A5-4774-B5F1-9EACD8156944}.Release|Any CPU.Build.0 = Release|Any CPU
		{699905F6-81A5-4774-B5F1-9EACD8156944}.Release|iPhone.ActiveCfg = Release|Any CPU
		{699905F6-81A5-4774-B5F1-9EACD8156944}.Release|iPhone.Build.0 = Release|Any CPU
		{699905F6-81A5-4774-B5F1-9EACD8156944}.Release|iPhoneSimulator.ActiveCfg = Release|Any CPU
		{699905F6-81A5-4774-B5F1-9EACD8156944}.Release|iPhoneSimulator.Build.0 = Release|Any CPU
		{8E34A514-D9C4-498B-9BB9-56172ADAB9D7}.Debug|Any CPU.ActiveCfg = Debug|Any CPU
		{8E34A514-D9C4-498B-9BB9-56172ADAB9D7}.Debug|Any CPU.Build.0 = Debug|Any CPU
		{8E34A514-D9C4-498B-9BB9-56172ADAB9D7}.Debug|iPhone.ActiveCfg = Debug|Any CPU
		{8E34A514-D9C4-498B-9BB9-56172ADAB9D7}.Debug|iPhone.Build.0 = Debug|Any CPU
		{8E34A514-D9C4-498B-9BB9-56172ADAB9D7}.Debug|iPhoneSimulator.ActiveCfg = Debug|Any CPU
		{8E34A514-D9C4-498B-9BB9-56172ADAB9D7}.Debug|iPhoneSimulator.Build.0 = Debug|Any CPU
		{8E34A514-D9C4-498B-9BB9-56172ADAB9D7}.Release|Any CPU.ActiveCfg = Release|Any CPU
		{8E34A514-D9C4-498B-9BB9-56172ADAB9D7}.Release|Any CPU.Build.0 = Release|Any CPU
		{8E34A514-D9C4-498B-9BB9-56172ADAB9D7}.Release|iPhone.ActiveCfg = Release|Any CPU
		{8E34A514-D9C4-498B-9BB9-56172ADAB9D7}.Release|iPhone.Build.0 = Release|Any CPU
		{8E34A514-D9C4-498B-9BB9-56172ADAB9D7}.Release|iPhoneSimulator.ActiveCfg = Release|Any CPU
		{8E34A514-D9C4-498B-9BB9-56172ADAB9D7}.Release|iPhoneSimulator.Build.0 = Release|Any CPU
	EndGlobalSection
	GlobalSection(SolutionProperties) = preSolution
		HideSolutionNode = FALSE
	EndGlobalSection
	GlobalSection(NestedProjects) = preSolution
		{10126F57-D017-48DE-97DD-6D6F0EAE4C79} = {C44B78B0-7AE5-42E8-A72F-AD09B5CE14FF}
		{CBBE669D-D949-4496-92EA-82B7ADD21645} = {C44B78B0-7AE5-42E8-A72F-AD09B5CE14FF}
		{699905F6-81A5-4774-B5F1-9EACD8156944} = {C44B78B0-7AE5-42E8-A72F-AD09B5CE14FF}
		{8E34A514-D9C4-498B-9BB9-56172ADAB9D7} = {C44B78B0-7AE5-42E8-A72F-AD09B5CE14FF}
	EndGlobalSection
	GlobalSection(ExtensibilityGlobals) = postSolution
		SolutionGuid = {DF040231-78AC-46FB-A5BF-C4F1740084D4}
	EndGlobalSection
EndGlobal
